
Microsoft Visual Studio Solution File, Format Version 12.00
Project("{FAE04EC0-301F-11D3-BF4B-00C04F79EFBC}") = "nps", "nps\nps.csproj", "{34B0F1B1-7523-460E-B0E7-1B5E1C48ACAB}"
EndProject
Global
	GlobalSection(SolutionConfigurationPlatforms) = preSolution
		Debug|Any CPU = Debug|Any CPU
		Release|Any CPU = Release|Any CPU
	EndGlobalSection
	GlobalSection(ProjectConfigurationPlatforms) = postSolution
		{34B0F1B1-7523-460E-B0E7-1B5E1C48ACAB}.Debug|Any CPU.ActiveCfg = Debug|Any CPU
		{34B0F1B1-7523-460E-B0E7-1B5E1C48ACAB}.Debug|Any CPU.Build.0 = Debug|Any CPU
		{34B0F1B1-7523-460E-B0E7-1B5E1C48ACAB}.Release|Any CPU.ActiveCfg = Release|Any CPU
		{34B0F1B1-7523-460E-B0E7-1B5E1C48ACAB}.Release|Any CPU.Build.0 = Release|Any CPU
	EndGlobalSection
	GlobalSection(SolutionProperties) = preSolution
		HideSolutionNode = FALSE
	EndGlobalSection
EndGlobal
